// !$*UTF8*$!
{
	archiveVersion = 1;
	classes = {
	};
	objectVersion = 56;
	objects = {

/* Begin PBXBuildFile section */
		FEC50B772C1892510073698D /* AppDelegate.swift in Sources */ = {isa = PBXBuildFile; fileRef = FEC50B762C1892510073698D /* AppDelegate.swift */; };
		FEC50B792C1892510073698D /* SceneDelegate.swift in Sources */ = {isa = PBXBuildFile; fileRef = FEC50B782C1892510073698D /* SceneDelegate.swift */; };
		FEC50B7B2C1892510073698D /* ViewController.swift in Sources */ = {isa = PBXBuildFile; fileRef = FEC50B7A2C1892510073698D /* ViewController.swift */; };
		FEC50B802C1892520073698D /* Assets.xcassets in Resources */ = {isa = PBXBuildFile; fileRef = FEC50B7F2C1892520073698D /* Assets.xcassets */; };
		FEC50B832C1892520073698D /* LaunchScreen.storyboard in Resources */ = {isa = PBXBuildFile; fileRef = FEC50B812C1892520073698D /* LaunchScreen.storyboard */; };
		FEC50B8E2C1892CF0073698D /* TabBarController.swift in Sources */ = {isa = PBXBuildFile; fileRef = FEC50B8D2C1892CF0073698D /* TabBarController.swift */; };
		FEC50B902C1892EB0073698D /* AppCoordinator.swift in Sources */ = {isa = PBXBuildFile; fileRef = FEC50B8F2C1892EB0073698D /* AppCoordinator.swift */; };
		FEC50B922C1893050073698D /* Coordinator.swift in Sources */ = {isa = PBXBuildFile; fileRef = FEC50B912C1893050073698D /* Coordinator.swift */; };
		FEC50B942C18931C0073698D /* HomeCoordinators.swift in Sources */ = {isa = PBXBuildFile; fileRef = FEC50B932C18931C0073698D /* HomeCoordinators.swift */; };
		FEC50B962C1893310073698D /* ListCoordinator.swift in Sources */ = {isa = PBXBuildFile; fileRef = FEC50B952C1893310073698D /* ListCoordinator.swift */; };
		FEC50B982C1893490073698D /* OnboardingCoordinator.swift in Sources */ = {isa = PBXBuildFile; fileRef = FEC50B972C1893490073698D /* OnboardingCoordinator.swift */; };
		FEC50B9A2C18935B0073698D /* OrderCoordinator.swift in Sources */ = {isa = PBXBuildFile; fileRef = FEC50B992C18935B0073698D /* OrderCoordinator.swift */; };
		FEC50B9C2C1893700073698D /* ProfileCoordinator.swift in Sources */ = {isa = PBXBuildFile; fileRef = FEC50B9B2C1893700073698D /* ProfileCoordinator.swift */; };
/* End PBXBuildFile section */

/* Begin PBXFileReference section */
		FEC50B732C1892510073698D /* OrderApp.app */ = {isa = PBXFileReference; explicitFileType = wrapper.application; includeInIndex = 0; path = OrderApp.app; sourceTree = BUILT_PRODUCTS_DIR; };
		FEC50B762C1892510073698D /* AppDelegate.swift */ = {isa = PBXFileReference; lastKnownFileType = sourcecode.swift; path = AppDelegate.swift; sourceTree = "<group>"; };
		FEC50B782C1892510073698D /* SceneDelegate.swift */ = {isa = PBXFileReference; lastKnownFileType = sourcecode.swift; path = SceneDelegate.swift; sourceTree = "<group>"; };
		FEC50B7A2C1892510073698D /* ViewController.swift */ = {isa = PBXFileReference; lastKnownFileType = sourcecode.swift; path = ViewController.swift; sourceTree = "<group>"; };
		FEC50B7F2C1892520073698D /* Assets.xcassets */ = {isa = PBXFileReference; lastKnownFileType = folder.assetcatalog; path = Assets.xcassets; sourceTree = "<group>"; };
		FEC50B822C1892520073698D /* Base */ = {isa = PBXFileReference; lastKnownFileType = file.storyboard; name = Base; path = Base.lproj/LaunchScreen.storyboard; sourceTree = "<group>"; };
		FEC50B842C1892520073698D /* Info.plist */ = {isa = PBXFileReference; lastKnownFileType = text.plist.xml; path = Info.plist; sourceTree = "<group>"; };
		FEC50B8D2C1892CF0073698D /* TabBarController.swift */ = {isa = PBXFileReference; lastKnownFileType = sourcecode.swift; path = TabBarController.swift; sourceTree = "<group>"; };
		FEC50B8F2C1892EB0073698D /* AppCoordinator.swift */ = {isa = PBXFileReference; lastKnownFileType = sourcecode.swift; path = AppCoordinator.swift; sourceTree = "<group>"; };
		FEC50B912C1893050073698D /* Coordinator.swift */ = {isa = PBXFileReference; lastKnownFileType = sourcecode.swift; path = Coordinator.swift; sourceTree = "<group>"; };
		FEC50B932C18931C0073698D /* HomeCoordinators.swift */ = {isa = PBXFileReference; lastKnownFileType = sourcecode.swift; path = HomeCoordinators.swift; sourceTree = "<group>"; };
		FEC50B952C1893310073698D /* ListCoordinator.swift */ = {isa = PBXFileReference; lastKnownFileType = sourcecode.swift; path = ListCoordinator.swift; sourceTree = "<group>"; };
		FEC50B972C1893490073698D /* OnboardingCoordinator.swift */ = {isa = PBXFileReference; lastKnownFileType = sourcecode.swift; path = OnboardingCoordinator.swift; sourceTree = "<group>"; };
		FEC50B992C18935B0073698D /* OrderCoordinator.swift */ = {isa = PBXFileReference; lastKnownFileType = sourcecode.swift; path = OrderCoordinator.swift; sourceTree = "<group>"; };
		FEC50B9B2C1893700073698D /* ProfileCoordinator.swift */ = {isa = PBXFileReference; lastKnownFileType = sourcecode.swift; path = ProfileCoordinator.swift; sourceTree = "<group>"; };
/* End PBXFileReference section */

/* Begin PBXFrameworksBuildPhase section */
		FEC50B702C1892510073698D /* Frameworks */ = {
			isa = PBXFrameworksBuildPhase;
			buildActionMask = 2147483647;
			files = (
			);
			runOnlyForDeploymentPostprocessing = 0;
		};
/* End PBXFrameworksBuildPhase section */

/* Begin PBXGroup section */
		FEC50B6A2C1892510073698D = {
			isa = PBXGroup;
			children = (
				FEC50B752C1892510073698D /* OrderApp */,
				FEC50B742C1892510073698D /* Products */,
			);
			sourceTree = "<group>";
		};
		FEC50B742C1892510073698D /* Products */ = {
			isa = PBXGroup;
			children = (
				FEC50B732C1892510073698D /* OrderApp.app */,
			);
			name = Products;
			sourceTree = "<group>";
		};
		FEC50B752C1892510073698D /* OrderApp */ = {
			isa = PBXGroup;
			children = (
				FEC50B8C2C1892B80073698D /* NavigationLayer */,
				FEC50B762C1892510073698D /* AppDelegate.swift */,
				FEC50B782C1892510073698D /* SceneDelegate.swift */,
				FEC50B7A2C1892510073698D /* ViewController.swift */,
				FEC50B7F2C1892520073698D /* Assets.xcassets */,
				FEC50B812C1892520073698D /* LaunchScreen.storyboard */,
				FEC50B842C1892520073698D /* Info.plist */,
			);
			path = OrderApp;
			sourceTree = "<group>";
		};
		FEC50B8A2C18929C0073698D /* Controllers */ = {
			isa = PBXGroup;
			children = (
				FEC50B8D2C1892CF0073698D /* TabBarController.swift */,
			);
			path = Controllers;
			sourceTree = "<group>";
		};
		FEC50B8B2C1892A70073698D /* Coordinators */ = {
			isa = PBXGroup;
			children = (
				FEC50B8F2C1892EB0073698D /* AppCoordinator.swift */,
				FEC50B912C1893050073698D /* Coordinator.swift */,
				FEC50B932C18931C0073698D /* HomeCoordinators.swift */,
				FEC50B952C1893310073698D /* ListCoordinator.swift */,
				FEC50B972C1893490073698D /* OnboardingCoordinator.swift */,
				FEC50B992C18935B0073698D /* OrderCoordinator.swift */,
				FEC50B9B2C1893700073698D /* ProfileCoordinator.swift */,
			);
			path = Coordinators;
			sourceTree = "<group>";
		};
		FEC50B8C2C1892B80073698D /* NavigationLayer */ = {
			isa = PBXGroup;
			children = (
				FEC50B8B2C1892A70073698D /* Coordinators */,
				FEC50B8A2C18929C0073698D /* Controllers */,
			);
			path = NavigationLayer;
			sourceTree = "<group>";
		};
/* End PBXGroup section */

/* Begin PBXNativeTarget section */
		FEC50B722C1892510073698D /* OrderApp */ = {
			isa = PBXNativeTarget;
			buildConfigurationList = FEC50B872C1892520073698D /* Build configuration list for PBXNativeTarget "OrderApp" */;
			buildPhases = (
				FEC50B6F2C1892510073698D /* Sources */,
				FEC50B702C1892510073698D /* Frameworks */,
				FEC50B712C1892510073698D /* Resources */,
			);
			buildRules = (
			);
			dependencies = (
			);
			name = OrderApp;
			productName = OrderApp;
			productReference = FEC50B732C1892510073698D /* OrderApp.app */;
			productType = "com.apple.product-type.application";
		};
/* End PBXNativeTarget section */

/* Begin PBXProject section */
		FEC50B6B2C1892510073698D /* Project object */ = {
			isa = PBXProject;
			attributes = {
				BuildIndependentTargetsInParallel = 1;
				LastSwiftUpdateCheck = 1520;
				LastUpgradeCheck = 1520;
				TargetAttributes = {
					FEC50B722C1892510073698D = {
						CreatedOnToolsVersion = 15.2;
					};
				};
			};
			buildConfigurationList = FEC50B6E2C1892510073698D /* Build configuration list for PBXProject "OrderApp" */;
			compatibilityVersion = "Xcode 14.0";
			developmentRegion = en;
			hasScannedForEncodings = 0;
			knownRegions = (
				en,
				Base,
			);
			mainGroup = FEC50B6A2C1892510073698D;
			productRefGroup = FEC50B742C1892510073698D /* Products */;
			projectDirPath = "";
			projectRoot = "";
			targets = (
				FEC50B722C1892510073698D /* OrderApp */,
			);
		};
/* End PBXProject section */

/* Begin PBXResourcesBuildPhase section */
		FEC50B712C1892510073698D /* Resources */ = {
			isa = PBXResourcesBuildPhase;
			buildActionMask = 2147483647;
			files = (
				FEC50B832C1892520073698D /* LaunchScreen.storyboard in Resources */,
				FEC50B802C1892520073698D /* Assets.xcassets in Resources */,
			);
			runOnlyForDeploymentPostprocessing = 0;
		};
/* End PBXResourcesBuildPhase section */

/* Begin PBXSourcesBuildPhase section */
		FEC50B6F2C1892510073698D /* Sources */ = {
			isa = PBXSourcesBuildPhase;
			buildActionMask = 2147483647;
			files = (
				FEC50B9C2C1893700073698D /* ProfileCoordinator.swift in Sources */,
				FEC50B962C1893310073698D /* ListCoordinator.swift in Sources */,
				FEC50B9A2C18935B0073698D /* OrderCoordinator.swift in Sources */,
				FEC50B7B2C1892510073698D /* ViewController.swift in Sources */,
				FEC50B8E2C1892CF0073698D /* TabBarController.swift in Sources */,
				FEC50B942C18931C0073698D /* HomeCoordinators.swift in Sources */,
				FEC50B982C1893490073698D /* OnboardingCoordinator.swift in Sources */,
				FEC50B922C1893050073698D /* Coordinator.swift in Sources */,
				FEC50B902C1892EB0073698D /* AppCoordinator.swift in Sources */,
				FEC50B772C1892510073698D /* AppDelegate.swift in Sources */,
				FEC50B792C1892510073698D /* SceneDelegate.swift in Sources */,
			);
			runOnlyForDeploymentPostprocessing = 0;
		};
/* End PBXSourcesBuildPhase section */

/* Begin PBXVariantGroup section */
		FEC50B812C1892520073698D /* LaunchScreen.storyboard */ = {
			isa = PBXVariantGroup;
			children = (
				FEC50B822C1892520073698D /* Base */,
			);
			name = LaunchScreen.storyboard;
			sourceTree = "<group>";
		};
/* End PBXVariantGroup section */

/* Begin XCBuildConfiguration section */
		FEC50B852C1892520073698D /* Debug */ = {
			isa = XCBuildConfiguration;
			buildSettings = {
				ALWAYS_SEARCH_USER_PATHS = NO;
				ASSETCATALOG_COMPILER_GENERATE_SWIFT_ASSET_SYMBOL_EXTENSIONS = YES;
				CLANG_ANALYZER_NONNULL = YES;
				CLANG_ANALYZER_NUMBER_OBJECT_CONVERSION = YES_AGGRESSIVE;
				CLANG_CXX_LANGUAGE_STANDARD = "gnu++20";
				CLANG_ENABLE_MODULES = YES;
				CLANG_ENABLE_OBJC_ARC = YES;
				CLANG_ENABLE_OBJC_WEAK = YES;
				CLANG_WARN_BLOCK_CAPTURE_AUTORELEASING = YES;
				CLANG_WARN_BOOL_CONVERSION = YES;
				CLANG_WARN_COMMA = YES;
				CLANG_WARN_CONSTANT_CONVERSION = YES;
				CLANG_WARN_DEPRECATED_OBJC_IMPLEMENTATIONS = YES;
				CLANG_WARN_DIRECT_OBJC_ISA_USAGE = YES_ERROR;
				CLANG_WARN_DOCUMENTATION_COMMENTS = YES;
				CLANG_WARN_EMPTY_BODY = YES;
				CLANG_WARN_ENUM_CONVERSION = YES;
				CLANG_WARN_INFINITE_RECURSION = YES;
				CLANG_WARN_INT_CONVERSION = YES;
				CLANG_WARN_NON_LITERAL_NULL_CONVERSION = YES;
				CLANG_WARN_OBJC_IMPLICIT_RETAIN_SELF = YES;
				CLANG_WARN_OBJC_LITERAL_CONVERSION = YES;
				CLANG_WARN_OBJC_ROOT_CLASS = YES_ERROR;
				CLANG_WARN_QUOTED_INCLUDE_IN_FRAMEWORK_HEADER = YES;
				CLANG_WARN_RANGE_LOOP_ANALYSIS = YES;
				CLANG_WARN_STRICT_PROTOTYPES = YES;
				CLANG_WARN_SUSPICIOUS_MOVE = YES;
				CLANG_WARN_UNGUARDED_AVAILABILITY = YES_AGGRESSIVE;
				CLANG_WARN_UNREACHABLE_CODE = YES;
				CLANG_WARN__DUPLICATE_METHOD_MATCH = YES;
				COPY_PHASE_STRIP = NO;
				DEBUG_INFORMATION_FORMAT = dwarf;
				ENABLE_STRICT_OBJC_MSGSEND = YES;
				ENABLE_TESTABILITY = YES;
				ENABLE_USER_SCRIPT_SANDBOXING = YES;
				GCC_C_LANGUAGE_STANDARD = gnu17;
				GCC_DYNAMIC_NO_PIC = NO;
				GCC_NO_COMMON_BLOCKS = YES;
				GCC_OPTIMIZATION_LEVEL = 0;
				GCC_PREPROCESSOR_DEFINITIONS = (
					"DEBUG=1",
					"$(inherited)",
				);
				GCC_WARN_64_TO_32_BIT_CONVERSION = YES;
				GCC_WARN_ABOUT_RETURN_TYPE = YES_ERROR;
				GCC_WARN_UNDECLARED_SELECTOR = YES;
				GCC_WARN_UNINITIALIZED_AUTOS = YES_AGGRESSIVE;
				GCC_WARN_UNUSED_FUNCTION = YES;
				GCC_WARN_UNUSED_VARIABLE = YES;
				IPHONEOS_DEPLOYMENT_TARGET = 17.2;
				LOCALIZATION_PREFERS_STRING_CATALOGS = YES;
				MTL_ENABLE_DEBUG_INFO = INCLUDE_SOURCE;
				MTL_FAST_MATH = YES;
				ONLY_ACTIVE_ARCH = YES;
				SDKROOT = iphoneos;
				SWIFT_ACTIVE_COMPILATION_CONDITIONS = "DEBUG $(inherited)";
				SWIFT_OPTIMIZATION_LEVEL = "-Onone";
			};
			name = Debug;
		};
		FEC50B862C1892520073698D /* Release */ = {
			isa = XCBuildConfiguration;
			buildSettings = {
				ALWAYS_SEARCH_USER_PATHS = NO;
				ASSETCATALOG_COMPILER_GENERATE_SWIFT_ASSET_SYMBOL_EXTENSIONS = YES;
				CLANG_ANALYZER_NONNULL = YES;
				CLANG_ANALYZER_NUMBER_OBJECT_CONVERSION = YES_AGGRESSIVE;
				CLANG_CXX_LANGUAGE_STANDARD = "gnu++20";
				CLANG_ENABLE_MODULES = YES;
				CLANG_ENABLE_OBJC_ARC = YES;
				CLANG_ENABLE_OBJC_WEAK = YES;
				CLANG_WARN_BLOCK_CAPTURE_AUTORELEASING = YES;
				CLANG_WARN_BOOL_CONVERSION = YES;
				CLANG_WARN_COMMA = YES;
				CLANG_WARN_CONSTANT_CONVERSION = YES;
				CLANG_WARN_DEPRECATED_OBJC_IMPLEMENTATIONS = YES;
				CLANG_WARN_DIRECT_OBJC_ISA_USAGE = YES_ERROR;
				CLANG_WARN_DOCUMENTATION_COMMENTS = YES;
				CLANG_WARN_EMPTY_BODY = YES;
				CLANG_WARN_ENUM_CONVERSION = YES;
				CLANG_WARN_INFINITE_RECURSION = YES;
				CLANG_WARN_INT_CONVERSION = YES;
				CLANG_WARN_NON_LITERAL_NULL_CONVERSION = YES;
				CLANG_WARN_OBJC_IMPLICIT_RETAIN_SELF = YES;
				CLANG_WARN_OBJC_LITERAL_CONVERSION = YES;
				CLANG_WARN_OBJC_ROOT_CLASS = YES_ERROR;
				CLANG_WARN_QUOTED_INCLUDE_IN_FRAMEWORK_HEADER = YES;
				CLANG_WARN_RANGE_LOOP_ANALYSIS = YES;
				CLANG_WARN_STRICT_PROTOTYPES = YES;
				CLANG_WARN_SUSPICIOUS_MOVE = YES;
				CLANG_WARN_UNGUARDED_AVAILABILITY = YES_AGGRESSIVE;
				CLANG_WARN_UNREACHABLE_CODE = YES;
				CLANG_WARN__DUPLICATE_METHOD_MATCH = YES;
				COPY_PHASE_STRIP = NO;
				DEBUG_INFORMATION_FORMAT = "dwarf-with-dsym";
				ENABLE_NS_ASSERTIONS = NO;
				ENABLE_STRICT_OBJC_MSGSEND = YES;
				ENABLE_USER_SCRIPT_SANDBOXING = YES;
				GCC_C_LANGUAGE_STANDARD = gnu17;
				GCC_NO_COMMON_BLOCKS = YES;
				GCC_WARN_64_TO_32_BIT_CONVERSION = YES;
				GCC_WARN_ABOUT_RETURN_TYPE = YES_ERROR;
				GCC_WARN_UNDECLARED_SELECTOR = YES;
				GCC_WARN_UNINITIALIZED_AUTOS = YES_AGGRESSIVE;
				GCC_WARN_UNUSED_FUNCTION = YES;
				GCC_WARN_UNUSED_VARIABLE = YES;
				IPHONEOS_DEPLOYMENT_TARGET = 17.2;
				LOCALIZATION_PREFERS_STRING_CATALOGS = YES;
				MTL_ENABLE_DEBUG_INFO = NO;
				MTL_FAST_MATH = YES;
				SDKROOT = iphoneos;
				SWIFT_COMPILATION_MODE = wholemodule;
				VALIDATE_PRODUCT = YES;
			};
			name = Release;
		};
		FEC50B882C1892520073698D /* Debug */ = {
			isa = XCBuildConfiguration;
			buildSettings = {
				ASSETCATALOG_COMPILER_APPICON_NAME = AppIcon;
				ASSETCATALOG_COMPILER_GLOBAL_ACCENT_COLOR_NAME = AccentColor;
				CODE_SIGN_STYLE = Automatic;
				CURRENT_PROJECT_VERSION = 1;
				DEVELOPMENT_TEAM = 84HMKC95WY;
				GENERATE_INFOPLIST_FILE = YES;
				INFOPLIST_FILE = OrderApp/Info.plist;
				INFOPLIST_KEY_UIApplicationSupportsIndirectInputEvents = YES;
				INFOPLIST_KEY_UILaunchStoryboardName = LaunchScreen;
				INFOPLIST_KEY_UISupportedInterfaceOrientations_iPad = "UIInterfaceOrientationPortrait UIInterfaceOrientationPortraitUpsideDown UIInterfaceOrientationLandscapeLeft UIInterfaceOrientationLandscapeRight";
				INFOPLIST_KEY_UISupportedInterfaceOrientations_iPhone = "UIInterfaceOrientationPortrait UIInterfaceOrientationLandscapeLeft UIInterfaceOrientationLandscapeRight";
				LD_RUNPATH_SEARCH_PATHS = (
					"$(inherited)",
					"@executable_path/Frameworks",
				);
				MARKETING_VERSION = 1.0;
				PRODUCT_BUNDLE_IDENTIFIER = Allison.OrderApp;
				PRODUCT_NAME = "$(TARGET_NAME)";
				SWIFT_EMIT_LOC_STRINGS = YES;
				SWIFT_VERSION = 5.0;
				TARGETED_DEVICE_FAMILY = "1,2";
			};
			name = Debug;
		};
		FEC50B892C1892520073698D /* Release */ = {
			isa = XCBuildConfiguration;
			buildSettings = {
				ASSETCATALOG_COMPILER_APPICON_NAME = AppIcon;
				ASSETCATALOG_COMPILER_GLOBAL_ACCENT_COLOR_NAME = AccentColor;
				CODE_SIGN_STYLE = Automatic;
				CURRENT_PROJECT_VERSION = 1;
				DEVELOPMENT_TEAM = 84HMKC95WY;
				GENERATE_INFOPLIST_FILE = YES;
				INFOPLIST_FILE = OrderApp/Info.plist;
				INFOPLIST_KEY_UIApplicationSupportsIndirectInputEvents = YES;
				INFOPLIST_KEY_UILaunchStoryboardName = LaunchScreen;
				INFOPLIST_KEY_UISupportedInterfaceOrientations_iPad = "UIInterfaceOrientationPortrait UIInterfaceOrientationPortraitUpsideDown UIInterfaceOrientationLandscapeLeft UIInterfaceOrientationLandscapeRight";
				INFOPLIST_KEY_UISupportedInterfaceOrientations_iPhone = "UIInterfaceOrientationPortrait UIInterfaceOrientationLandscapeLeft UIInterfaceOrientationLandscapeRight";
				LD_RUNPATH_SEARCH_PATHS = (
					"$(inherited)",
					"@executable_path/Frameworks",
				);
				MARKETING_VERSION = 1.0;
				PRODUCT_BUNDLE_IDENTIFIER = Allison.OrderApp;
				PRODUCT_NAME = "$(TARGET_NAME)";
				SWIFT_EMIT_LOC_STRINGS = YES;
				SWIFT_VERSION = 5.0;
				TARGETED_DEVICE_FAMILY = "1,2";
			};
			name = Release;
		};
/* End XCBuildConfiguration section */

/* Begin XCConfigurationList section */
		FEC50B6E2C1892510073698D /* Build configuration list for PBXProject "OrderApp" */ = {
			isa = XCConfigurationList;
			buildConfigurations = (
				FEC50B852C1892520073698D /* Debug */,
				FEC50B862C1892520073698D /* Release */,
			);
			defaultConfigurationIsVisible = 0;
			defaultConfigurationName = Release;
		};
		FEC50B872C1892520073698D /* Build configuration list for PBXNativeTarget "OrderApp" */ = {
			isa = XCConfigurationList;
			buildConfigurations = (
				FEC50B882C1892520073698D /* Debug */,
				FEC50B892C1892520073698D /* Release */,
			);
			defaultConfigurationIsVisible = 0;
			defaultConfigurationName = Release;
		};
/* End XCConfigurationList section */
	};
	rootObject = FEC50B6B2C1892510073698D /* Project object */;
}
